
Microsoft Visual Studio Solution File, Format Version 12.00
# Visual Studio Version 16
VisualStudioVersion = 16.0.31515.178
MinimumVisualStudioVersion = 10.0.40219.1
Project("{9A19103F-16F7-4668-BE54-9A1E7A4F7556}") = "POS", "POS\POS.csproj", "{A2138D2C-B2EC-4B3C-91AA-E94AA0161BDE}"
EndProject
Project("{9A19103F-16F7-4668-BE54-9A1E7A4F7556}") = "POS.Model", "POS.Model\POS.Model.csproj", "{E53B3903-E40B-47E3-9F72-17D944F01075}"
EndProject
Project("{9A19103F-16F7-4668-BE54-9A1E7A4F7556}") = "DataService", "POS.DataService\DataService.csproj", "{86C04767-DD08-42A9-BAAA-9BE1A90F16F9}"
EndProject
Project("{9A19103F-16F7-4668-BE54-9A1E7A4F7556}") = "API.Core", "POS.API.Core\API.Core.csproj", "{B46DCD96-C8A8-4047-9AE4-0F528A5892EC}"
EndProject
Project("{9A19103F-16F7-4668-BE54-9A1E7A4F7556}") = "Common", "POS.Common\Common.csproj", "{F7A0BD6B-06F1-4446-89D3-1979073CF64E}"
EndProject
Global
	GlobalSection(SolutionConfigurationPlatforms) = preSolution
		Debug|Any CPU = Debug|Any CPU
		Release|Any CPU = Release|Any CPU
	EndGlobalSection
	GlobalSection(ProjectConfigurationPlatforms) = postSolution
		{A2138D2C-B2EC-4B3C-91AA-E94AA0161BDE}.Debug|Any CPU.ActiveCfg = Debug|Any CPU
		{A2138D2C-B2EC-4B3C-91AA-E94AA0161BDE}.Debug|Any CPU.Build.0 = Debug|Any CPU
		{A2138D2C-B2EC-4B3C-91AA-E94AA0161BDE}.Release|Any CPU.ActiveCfg = Release|Any CPU
		{A2138D2C-B2EC-4B3C-91AA-E94AA0161BDE}.Release|Any CPU.Build.0 = Release|Any CPU
		{E53B3903-E40B-47E3-9F72-17D944F01075}.Debug|Any CPU.ActiveCfg = Debug|Any CPU
		{E53B3903-E40B-47E3-9F72-17D944F01075}.Debug|Any CPU.Build.0 = Debug|Any CPU
		{E53B3903-E40B-47E3-9F72-17D944F01075}.Release|Any CPU.ActiveCfg = Release|Any CPU
		{E53B3903-E40B-47E3-9F72-17D944F01075}.Release|Any CPU.Build.0 = Release|Any CPU
		{86C04767-DD08-42A9-BAAA-9BE1A90F16F9}.Debug|Any CPU.ActiveCfg = Debug|Any CPU
		{86C04767-DD08-42A9-BAAA-9BE1A90F16F9}.Debug|Any CPU.Build.0 = Debug|Any CPU
		{86C04767-DD08-42A9-BAAA-9BE1A90F16F9}.Release|Any CPU.ActiveCfg = Release|Any CPU
		{86C04767-DD08-42A9-BAAA-9BE1A90F16F9}.Release|Any CPU.Build.0 = Release|Any CPU
		{B46DCD96-C8A8-4047-9AE4-0F528A5892EC}.Debug|Any CPU.ActiveCfg = Debug|Any CPU
		{B46DCD96-C8A8-4047-9AE4-0F528A5892EC}.Debug|Any CPU.Build.0 = Debug|Any CPU
		{B46DCD96-C8A8-4047-9AE4-0F528A5892EC}.Release|Any CPU.ActiveCfg = Release|Any CPU
		{B46DCD96-C8A8-4047-9AE4-0F528A5892EC}.Release|Any CPU.Build.0 = Release|Any CPU
		{F7A0BD6B-06F1-4446-89D3-1979073CF64E}.Debug|Any CPU.ActiveCfg = Debug|Any CPU
		{F7A0BD6B-06F1-4446-89D3-1979073CF64E}.Debug|Any CPU.Build.0 = Debug|Any CPU
		{F7A0BD6B-06F1-4446-89D3-1979073CF64E}.Release|Any CPU.ActiveCfg = Release|Any CPU
		{F7A0BD6B-06F1-4446-89D3-1979073CF64E}.Release|Any CPU.Build.0 = Release|Any CPU
	EndGlobalSection
	GlobalSection(SolutionProperties) = preSolution
		HideSolutionNode = FALSE
	EndGlobalSection
	GlobalSection(ExtensibilityGlobals) = postSolution
		SolutionGuid = {8396ABDA-E3AF-4419-93D1-B673A8A72F76}
	EndGlobalSection
EndGlobal
